// !$*UTF8*$!
{
	archiveVersion = 1;
	classes = {
	};
	objectVersion = 77;
	objects = {

/* Begin PBXBuildFile section */
		4C0BECD02F52A29000A608CC /* AtelierDesign in Frameworks */ = {isa = PBXBuildFile; productRef = 4C0BECCF2F52A29000A608CC /* AtelierDesign */; };
		4C0BECD22F52A29000A608CC /* AtelierKit in Frameworks */ = {isa = PBXBuildFile; productRef = 4C0BECD12F52A29000A608CC /* AtelierKit */; };
		4C0BECD52F52A4B600A608CC /* AtelierDesign in Frameworks */ = {isa = PBXBuildFile; productRef = 4C0BECD42F52A4B600A608CC /* AtelierDesign */; };
		4C0BECD82F52A4C200A608CC /* AtelierKit in Frameworks */ = {isa = PBXBuildFile; productRef = 4C0BECD72F52A4C200A608CC /* AtelierKit */; };
		4C0BECDB2F52B00100A608CC /* AtelierSecurity in Frameworks */ = {isa = PBXBuildFile; productRef = 4C0BECDA2F52B00100A608CC /* AtelierSecurity */; };
		4C0BECDE2F52B00200A608CC /* AtelierSandbox in Frameworks */ = {isa = PBXBuildFile; productRef = 4C0BECDD2F52B00200A608CC /* AtelierSandbox */; };
		4C0BECE52F52B10000A608CC /* AtelierSandbox in Frameworks */ = {isa = PBXBuildFile; productRef = 4C0BECE62F52B10000A608CC /* AtelierSandbox */; };
		4C0BECEB2F52B10000A608CC /* AtelierSandboxService.xpc in Embed XPC Services */ = {isa = PBXBuildFile; fileRef = 4C0BECDF2F52B10000A608CC /* AtelierSandboxService.xpc */; settings = {ATTRIBUTES = (RemoveHeadersOnCopy, ); }; };
		4CA1B1002F80000000000001 /* Sparkle in Frameworks */ = {isa = PBXBuildFile; productRef = 4CA1B1012F80000000000001 /* Sparkle */; };
/* End PBXBuildFile section */

/* Begin PBXContainerItemProxy section */
		4C0BECA62F52A19B00A608CC /* PBXContainerItemProxy */ = {
			isa = PBXContainerItemProxy;
			containerPortal = 4C0BEC902F52A19B00A608CC /* Project object */;
			proxyType = 1;
			remoteGlobalIDString = 4C0BEC972F52A19B00A608CC;
			remoteInfo = Atelier;
		};
		4C0BECB02F52A19B00A608CC /* PBXContainerItemProxy */ = {
			isa = PBXContainerItemProxy;
			containerPortal = 4C0BEC902F52A19B00A608CC /* Project object */;
			proxyType = 1;
			remoteGlobalIDString = 4C0BEC972F52A19B00A608CC;
			remoteInfo = Atelier;
		};
		4C0BECED2F52B10000A608CC /* PBXContainerItemProxy */ = {
			isa = PBXContainerItemProxy;
			containerPortal = 4C0BEC902F52A19B00A608CC /* Project object */;
			proxyType = 1;
			remoteGlobalIDString = 4C0BECE02F52B10000A608CC;
			remoteInfo = AtelierSandboxService;
		};
/* End PBXContainerItemProxy section */

/* Begin PBXCopyFilesBuildPhase section */
		4C0BECEA2F52B10000A608CC /* Embed XPC Services */ = {
			isa = PBXCopyFilesBuildPhase;
			buildActionMask = 2147483647;
			dstPath = "$(CONTENTS_FOLDER_PATH)/XPCServices";
			dstSubfolderSpec = 16;
			files = (
				4C0BECEB2F52B10000A608CC /* AtelierSandboxService.xpc in Embed XPC Services */,
			);
			name = "Embed XPC Services";
			runOnlyForDeploymentPostprocessing = 0;
		};
/* End PBXCopyFilesBuildPhase section */

/* Begin PBXFileReference section */
		4C0BEC982F52A19B00A608CC /* Atelier.app */ = {isa = PBXFileReference; explicitFileType = wrapper.application; includeInIndex = 0; path = Atelier.app; sourceTree = BUILT_PRODUCTS_DIR; };
		4C0BECA52F52A19B00A608CC /* AtelierTests.xctest */ = {isa = PBXFileReference; explicitFileType = wrapper.cfbundle; includeInIndex = 0; path = AtelierTests.xctest; sourceTree = BUILT_PRODUCTS_DIR; };
		4C0BECAF2F52A19B00A608CC /* AtelierUITests.xctest */ = {isa = PBXFileReference; explicitFileType = wrapper.cfbundle; includeInIndex = 0; path = AtelierUITests.xctest; sourceTree = BUILT_PRODUCTS_DIR; };
		4C0BECDF2F52B10000A608CC /* AtelierSandboxService.xpc */ = {isa = PBXFileReference; explicitFileType = "wrapper.xpc-service"; includeInIndex = 0; path = AtelierSandboxService.xpc; sourceTree = BUILT_PRODUCTS_DIR; };
/* End PBXFileReference section */

/* Begin PBXFileSystemSynchronizedRootGroup section */
		4C0BEC9A2F52A19B00A608CC /* Atelier */ = {
			isa = PBXFileSystemSynchronizedRootGroup;
			path = Atelier;
			sourceTree = "<group>";
		};
		4C0BECA82F52A19B00A608CC /* AtelierTests */ = {
			isa = PBXFileSystemSynchronizedRootGroup;
			path = AtelierTests;
			sourceTree = "<group>";
		};
		4C0BECB22F52A19B00A608CC /* AtelierUITests */ = {
			isa = PBXFileSystemSynchronizedRootGroup;
			path = AtelierUITests;
			sourceTree = "<group>";
		};
		4C0BECE12F52B10000A608CC /* AtelierSandboxService */ = {
			isa = PBXFileSystemSynchronizedRootGroup;
			path = AtelierSandboxService;
			sourceTree = "<group>";
		};
/* End PBXFileSystemSynchronizedRootGroup section */

/* Begin PBXFrameworksBuildPhase section */
		4C0BEC952F52A19B00A608CC /* Frameworks */ = {
			isa = PBXFrameworksBuildPhase;
			buildActionMask = 2147483647;
			files = (
				4C0BECD82F52A4C200A608CC /* AtelierKit in Frameworks */,
				4C0BECD22F52A29000A608CC /* AtelierKit in Frameworks */,
				4C0BECD52F52A4B600A608CC /* AtelierDesign in Frameworks */,
				4C0BECD02F52A29000A608CC /* AtelierDesign in Frameworks */,
				4C0BECDB2F52B00100A608CC /* AtelierSecurity in Frameworks */,
				4C0BECDE2F52B00200A608CC /* AtelierSandbox in Frameworks */,
				4CA1B1002F80000000000001 /* Sparkle in Frameworks */,
			);
			runOnlyForDeploymentPostprocessing = 0;
		};
		4C0BECA22F52A19B00A608CC /* Frameworks */ = {
			isa = PBXFrameworksBuildPhase;
			buildActionMask = 2147483647;
			files = (
			);
			runOnlyForDeploymentPostprocessing = 0;
		};
		4C0BECAC2F52A19B00A608CC /* Frameworks */ = {
			isa = PBXFrameworksBuildPhase;
			buildActionMask = 2147483647;
			files = (
			);
			runOnlyForDeploymentPostprocessing = 0;
		};
		4C0BECE32F52B10000A608CC /* Frameworks */ = {
			isa = PBXFrameworksBuildPhase;
			buildActionMask = 2147483647;
			files = (
				4C0BECE52F52B10000A608CC /* AtelierSandbox in Frameworks */,
			);
			runOnlyForDeploymentPostprocessing = 0;
		};
/* End PBXFrameworksBuildPhase section */

/* Begin PBXGroup section */
		4C0BEC8F2F52A19B00A608CC = {
			isa = PBXGroup;
			children = (
				4C0BEC9A2F52A19B00A608CC /* Atelier */,
				4C0BECE12F52B10000A608CC /* AtelierSandboxService */,
				4C0BECA82F52A19B00A608CC /* AtelierTests */,
				4C0BECB22F52A19B00A608CC /* AtelierUITests */,
				4C0BEC992F52A19B00A608CC /* Products */,
			);
			sourceTree = "<group>";
		};
		4C0BEC992F52A19B00A608CC /* Products */ = {
			isa = PBXGroup;
			children = (
				4C0BEC982F52A19B00A608CC /* Atelier.app */,
				4C0BECDF2F52B10000A608CC /* AtelierSandboxService.xpc */,
				4C0BECA52F52A19B00A608CC /* AtelierTests.xctest */,
				4C0BECAF2F52A19B00A608CC /* AtelierUITests.xctest */,
			);
			name = Products;
			sourceTree = "<group>";
		};
/* End PBXGroup section */

/* Begin PBXNativeTarget section */
		4C0BEC972F52A19B00A608CC /* Atelier */ = {
			isa = PBXNativeTarget;
			buildConfigurationList = 4C0BECB92F52A19B00A608CC /* Build configuration list for PBXNativeTarget "Atelier" */;
			buildPhases = (
				4C0BEC942F52A19B00A608CC /* Sources */,
				4C0BEC952F52A19B00A608CC /* Frameworks */,
				4C0BEC962F52A19B00A608CC /* Resources */,
				4C0BECF02F52B20000A608CC /* Compile Approval MCP Helper */,
				4CA1B0012F70000000000001 /* Compile iWork MCP Helper */,
				4CA1B0022F70000000000002 /* Compile Safari MCP Helper */,
				4CA1B0032F70000000000003 /* Compile Mail MCP Helper */,
				4CA1B0042F70000000000004 /* Compile Reminders MCP Helper */,
				4CA1B0052F70000000000005 /* Compile Calendar MCP Helper */,
				4CA1B0062F70000000000006 /* Compile Notes MCP Helper */,
				4CA1B0072F70000000000007 /* Compile Finder MCP Helper */,
				4CA1B0082F70000000000008 /* Compile Hooks Helper */,
				4CA1B0092F70000000000009 /* Compile Scheduler Helper */,
				4C0BECEA2F52B10000A608CC /* Embed XPC Services */,
			);
			buildRules = (
			);
			dependencies = (
				4C0BECEC2F52B10000A608CC /* PBXTargetDependency */,
			);
			fileSystemSynchronizedGroups = (
				4C0BEC9A2F52A19B00A608CC /* Atelier */,
			);
			name = Atelier;
			packageProductDependencies = (
				4C0BECCF2F52A29000A608CC /* AtelierDesign */,
				4C0BECD12F52A29000A608CC /* AtelierKit */,
				4C0BECD42F52A4B600A608CC /* AtelierDesign */,
				4C0BECD72F52A4C200A608CC /* AtelierKit */,
				4C0BECDA2F52B00100A608CC /* AtelierSecurity */,
				4C0BECDD2F52B00200A608CC /* AtelierSandbox */,
				4CA1B1012F80000000000001 /* Sparkle */,
			);
			productName = Atelier;
			productReference = 4C0BEC982F52A19B00A608CC /* Atelier.app */;
			productType = "com.apple.product-type.application";
		};
		4C0BECA42F52A19B00A608CC /* AtelierTests */ = {
			isa = PBXNativeTarget;
			buildConfigurationList = 4C0BECBC2F52A19B00A608CC /* Build configuration list for PBXNativeTarget "AtelierTests" */;
			buildPhases = (
				4C0BECA12F52A19B00A608CC /* Sources */,
				4C0BECA22F52A19B00A608CC /* Frameworks */,
				4C0BECA32F52A19B00A608CC /* Resources */,
			);
			buildRules = (
			);
			dependencies = (
				4C0BECA72F52A19B00A608CC /* PBXTargetDependency */,
			);
			fileSystemSynchronizedGroups = (
				4C0BECA82F52A19B00A608CC /* AtelierTests */,
			);
			name = AtelierTests;
			packageProductDependencies = (
			);
			productName = AtelierTests;
			productReference = 4C0BECA52F52A19B00A608CC /* AtelierTests.xctest */;
			productType = "com.apple.product-type.bundle.unit-test";
		};
		4C0BECAE2F52A19B00A608CC /* AtelierUITests */ = {
			isa = PBXNativeTarget;
			buildConfigurationList = 4C0BECBF2F52A19B00A608CC /* Build configuration list for PBXNativeTarget "AtelierUITests" */;
			buildPhases = (
				4C0BECAB2F52A19B00A608CC /* Sources */,
				4C0BECAC2F52A19B00A608CC /* Frameworks */,
				4C0BECAD2F52A19B00A608CC /* Resources */,
			);
			buildRules = (
			);
			dependencies = (
				4C0BECB12F52A19B00A608CC /* PBXTargetDependency */,
			);
			fileSystemSynchronizedGroups = (
				4C0BECB22F52A19B00A608CC /* AtelierUITests */,
			);
			name = AtelierUITests;
			packageProductDependencies = (
			);
			productName = AtelierUITests;
			productReference = 4C0BECAF2F52A19B00A608CC /* AtelierUITests.xctest */;
			productType = "com.apple.product-type.bundle.ui-testing";
		};
		4C0BECE02F52B10000A608CC /* AtelierSandboxService */ = {
			isa = PBXNativeTarget;
			buildConfigurationList = 4C0BECE92F52B10000A608CC /* Build configuration list for PBXNativeTarget "AtelierSandboxService" */;
			buildPhases = (
				4C0BECE22F52B10000A608CC /* Sources */,
				4C0BECE32F52B10000A608CC /* Frameworks */,
				4C0BECE42F52B10000A608CC /* Resources */,
			);
			buildRules = (
			);
			dependencies = (
			);
			fileSystemSynchronizedGroups = (
				4C0BECE12F52B10000A608CC /* AtelierSandboxService */,
			);
			name = AtelierSandboxService;
			packageProductDependencies = (
				4C0BECE62F52B10000A608CC /* AtelierSandbox */,
			);
			productName = AtelierSandboxService;
			productReference = 4C0BECDF2F52B10000A608CC /* AtelierSandboxService.xpc */;
			productType = "com.apple.product-type.xpc-service";
		};
/* End PBXNativeTarget section */

/* Begin PBXProject section */
		4C0BEC902F52A19B00A608CC /* Project object */ = {
			isa = PBXProject;
			attributes = {
				BuildIndependentTargetsInParallel = 1;
				LastSwiftUpdateCheck = 2630;
				LastUpgradeCheck = 2630;
				TargetAttributes = {
					4C0BEC972F52A19B00A608CC = {
						CreatedOnToolsVersion = 26.3;
					};
					4C0BECA42F52A19B00A608CC = {
						CreatedOnToolsVersion = 26.3;
						TestTargetID = 4C0BEC972F52A19B00A608CC;
					};
					4C0BECAE2F52A19B00A608CC = {
						CreatedOnToolsVersion = 26.3;
						TestTargetID = 4C0BEC972F52A19B00A608CC;
					};
					4C0BECE02F52B10000A608CC = {
						CreatedOnToolsVersion = 26.3;
					};
				};
			};
			buildConfigurationList = 4C0BEC932F52A19B00A608CC /* Build configuration list for PBXProject "Atelier" */;
			developmentRegion = en;
			hasScannedForEncodings = 0;
			knownRegions = (
				en,
				Base,
			);
			mainGroup = 4C0BEC8F2F52A19B00A608CC;
			minimizedProjectReferenceProxies = 1;
			packageReferences = (
				4C0BECD32F52A4B600A608CC /* XCLocalSwiftPackageReference "Packages/AtelierDesign" */,
				4C0BECD62F52A4C100A608CC /* XCLocalSwiftPackageReference "Packages/AtelierKit" */,
				4C0BECD92F52B00100A608CC /* XCLocalSwiftPackageReference "Packages/AtelierSecurity" */,
				4C0BECDC2F52B00200A608CC /* XCLocalSwiftPackageReference "Packages/AtelierSandbox" */,
				4CA1B1022F80000000000001 /* XCRemoteSwiftPackageReference "Sparkle" */,
			);
			preferredProjectObjectVersion = 77;
			productRefGroup = 4C0BEC992F52A19B00A608CC /* Products */;
			projectDirPath = "";
			projectRoot = "";
			targets = (
				4C0BEC972F52A19B00A608CC /* Atelier */,
				4C0BECE02F52B10000A608CC /* AtelierSandboxService */,
				4C0BECA42F52A19B00A608CC /* AtelierTests */,
				4C0BECAE2F52A19B00A608CC /* AtelierUITests */,
			);
		};
/* End PBXProject section */

/* Begin PBXResourcesBuildPhase section */
		4C0BEC962F52A19B00A608CC /* Resources */ = {
			isa = PBXResourcesBuildPhase;
			buildActionMask = 2147483647;
			files = (
			);
			runOnlyForDeploymentPostprocessing = 0;
		};
		4C0BECA32F52A19B00A608CC /* Resources */ = {
			isa = PBXResourcesBuildPhase;
			buildActionMask = 2147483647;
			files = (
			);
			runOnlyForDeploymentPostprocessing = 0;
		};
		4C0BECAD2F52A19B00A608CC /* Resources */ = {
			isa = PBXResourcesBuildPhase;
			buildActionMask = 2147483647;
			files = (
			);
			runOnlyForDeploymentPostprocessing = 0;
		};
		4C0BECE42F52B10000A608CC /* Resources */ = {
			isa = PBXResourcesBuildPhase;
			buildActionMask = 2147483647;
			files = (
			);
			runOnlyForDeploymentPostprocessing = 0;
		};
/* End PBXResourcesBuildPhase section */

/* Begin PBXShellScriptBuildPhase section */
		4C0BECF02F52B20000A608CC /* Compile Approval MCP Helper */ = {
			isa = PBXShellScriptBuildPhase;
			buildActionMask = 2147483647;
			files = (
			);
			inputPaths = (
				"$(SRCROOT)/Helpers/atelier-approval-mcp.swift",
			);
			name = "Compile Approval MCP Helper";
			outputPaths = (
				"$(BUILT_PRODUCTS_DIR)/$(PRODUCT_NAME).app/Contents/Helpers/atelier-approval-mcp",
			);
			runOnlyForDeploymentPostprocessing = 0;
			shellPath = /bin/sh;
			shellScript = "mkdir -p \"$BUILT_PRODUCTS_DIR/$PRODUCT_NAME.app/Contents/Helpers\"\nswiftc -O -o \"$BUILT_PRODUCTS_DIR/$PRODUCT_NAME.app/Contents/Helpers/atelier-approval-mcp\" \"$SRCROOT/Helpers/atelier-approval-mcp.swift\"\n";
		};
		4CA1B0012F70000000000001 /* Compile iWork MCP Helper */ = {
			isa = PBXShellScriptBuildPhase;
			buildActionMask = 2147483647;
			files = (
			);
			inputPaths = (
				"$(SRCROOT)/Helpers/atelier-iwork-mcp.swift",
				"$(SRCROOT)/Packages/MCPHelperKit/Sources/MCPHelperKit/AnyCodableValue.swift",
				"$(SRCROOT)/Packages/MCPHelperKit/Sources/MCPHelperKit/JSONRPCTypes.swift",
				"$(SRCROOT)/Packages/MCPHelperKit/Sources/MCPHelperKit/JXA.swift",
				"$(SRCROOT)/Packages/MCPHelperKit/Sources/MCPHelperKit/MCPServer.swift",
				"$(SRCROOT)/Packages/MCPHelperKit/Sources/MCPHelperKit/ToolDefinition.swift",
			);
			name = "Compile iWork MCP Helper";
			outputPaths = (
				"$(BUILT_PRODUCTS_DIR)/$(PRODUCT_NAME).app/Contents/Helpers/atelier-iwork-mcp",
			);
			runOnlyForDeploymentPostprocessing = 0;
			shellPath = /bin/sh;
			shellScript = "mkdir -p \"$BUILT_PRODUCTS_DIR/$PRODUCT_NAME.app/Contents/Helpers\"\nswiftc -O -o \"$BUILT_PRODUCTS_DIR/$PRODUCT_NAME.app/Contents/Helpers/atelier-iwork-mcp\" \"$SRCROOT/Helpers/atelier-iwork-mcp.swift\" \"$SRCROOT/Packages/MCPHelperKit/Sources/MCPHelperKit/\"*.swift\n";
		};
		4CA1B0022F70000000000002 /* Compile Safari MCP Helper */ = {
			isa = PBXShellScriptBuildPhase;
			buildActionMask = 2147483647;
			files = (
			);
			inputPaths = (
				"$(SRCROOT)/Helpers/atelier-safari-mcp.swift",
				"$(SRCROOT)/Packages/MCPHelperKit/Sources/MCPHelperKit/AnyCodableValue.swift",
				"$(SRCROOT)/Packages/MCPHelperKit/Sources/MCPHelperKit/JSONRPCTypes.swift",
				"$(SRCROOT)/Packages/MCPHelperKit/Sources/MCPHelperKit/JXA.swift",
				"$(SRCROOT)/Packages/MCPHelperKit/Sources/MCPHelperKit/MCPServer.swift",
				"$(SRCROOT)/Packages/MCPHelperKit/Sources/MCPHelperKit/ToolDefinition.swift",
			);
			name = "Compile Safari MCP Helper";
			outputPaths = (
				"$(BUILT_PRODUCTS_DIR)/$(PRODUCT_NAME).app/Contents/Helpers/atelier-safari-mcp",
			);
			runOnlyForDeploymentPostprocessing = 0;
			shellPath = /bin/sh;
			shellScript = "mkdir -p \"$BUILT_PRODUCTS_DIR/$PRODUCT_NAME.app/Contents/Helpers\"\nswiftc -O -o \"$BUILT_PRODUCTS_DIR/$PRODUCT_NAME.app/Contents/Helpers/atelier-safari-mcp\" \"$SRCROOT/Helpers/atelier-safari-mcp.swift\" \"$SRCROOT/Packages/MCPHelperKit/Sources/MCPHelperKit/\"*.swift\n";
		};
		4CA1B0032F70000000000003 /* Compile Mail MCP Helper */ = {
			isa = PBXShellScriptBuildPhase;
			buildActionMask = 2147483647;
			files = (
			);
			inputPaths = (
				"$(SRCROOT)/Helpers/atelier-mail-mcp.swift",
				"$(SRCROOT)/Packages/MCPHelperKit/Sources/MCPHelperKit/AnyCodableValue.swift",
				"$(SRCROOT)/Packages/MCPHelperKit/Sources/MCPHelperKit/JSONRPCTypes.swift",
				"$(SRCROOT)/Packages/MCPHelperKit/Sources/MCPHelperKit/JXA.swift",
				"$(SRCROOT)/Packages/MCPHelperKit/Sources/MCPHelperKit/MCPServer.swift",
				"$(SRCROOT)/Packages/MCPHelperKit/Sources/MCPHelperKit/ToolDefinition.swift",
			);
			name = "Compile Mail MCP Helper";
			outputPaths = (
				"$(BUILT_PRODUCTS_DIR)/$(PRODUCT_NAME).app/Contents/Helpers/atelier-mail-mcp",
			);
			runOnlyForDeploymentPostprocessing = 0;
			shellPath = /bin/sh;
			shellScript = "mkdir -p \"$BUILT_PRODUCTS_DIR/$PRODUCT_NAME.app/Contents/Helpers\"\nswiftc -O -o \"$BUILT_PRODUCTS_DIR/$PRODUCT_NAME.app/Contents/Helpers/atelier-mail-mcp\" \"$SRCROOT/Helpers/atelier-mail-mcp.swift\" \"$SRCROOT/Packages/MCPHelperKit/Sources/MCPHelperKit/\"*.swift\n";
		};
		4CA1B0042F70000000000004 /* Compile Reminders MCP Helper */ = {
			isa = PBXShellScriptBuildPhase;
			buildActionMask = 2147483647;
			files = (
			);
			inputPaths = (
				"$(SRCROOT)/Helpers/atelier-reminders-mcp.swift",
				"$(SRCROOT)/Packages/MCPHelperKit/Sources/MCPHelperKit/AnyCodableValue.swift",
				"$(SRCROOT)/Packages/MCPHelperKit/Sources/MCPHelperKit/JSONRPCTypes.swift",
				"$(SRCROOT)/Packages/MCPHelperKit/Sources/MCPHelperKit/JXA.swift",
				"$(SRCROOT)/Packages/MCPHelperKit/Sources/MCPHelperKit/MCPServer.swift",
				"$(SRCROOT)/Packages/MCPHelperKit/Sources/MCPHelperKit/ToolDefinition.swift",
			);
			name = "Compile Reminders MCP Helper";
			outputPaths = (
				"$(BUILT_PRODUCTS_DIR)/$(PRODUCT_NAME).app/Contents/Helpers/atelier-reminders-mcp",
			);
			runOnlyForDeploymentPostprocessing = 0;
			shellPath = /bin/sh;
			shellScript = "mkdir -p \"$BUILT_PRODUCTS_DIR/$PRODUCT_NAME.app/Contents/Helpers\"\nswiftc -O -o \"$BUILT_PRODUCTS_DIR/$PRODUCT_NAME.app/Contents/Helpers/atelier-reminders-mcp\" \"$SRCROOT/Helpers/atelier-reminders-mcp.swift\" \"$SRCROOT/Packages/MCPHelperKit/Sources/MCPHelperKit/\"*.swift\n";
		};
		4CA1B0052F70000000000005 /* Compile Calendar MCP Helper */ = {
			isa = PBXShellScriptBuildPhase;
			buildActionMask = 2147483647;
			files = (
			);
			inputPaths = (
				"$(SRCROOT)/Helpers/atelier-calendar-mcp.swift",
				"$(SRCROOT)/Packages/MCPHelperKit/Sources/MCPHelperKit/AnyCodableValue.swift",
				"$(SRCROOT)/Packages/MCPHelperKit/Sources/MCPHelperKit/JSONRPCTypes.swift",
				"$(SRCROOT)/Packages/MCPHelperKit/Sources/MCPHelperKit/JXA.swift",
				"$(SRCROOT)/Packages/MCPHelperKit/Sources/MCPHelperKit/MCPServer.swift",
				"$(SRCROOT)/Packages/MCPHelperKit/Sources/MCPHelperKit/ToolDefinition.swift",
			);
			name = "Compile Calendar MCP Helper";
			outputPaths = (
				"$(BUILT_PRODUCTS_DIR)/$(PRODUCT_NAME).app/Contents/Helpers/atelier-calendar-mcp",
			);
			runOnlyForDeploymentPostprocessing = 0;
			shellPath = /bin/sh;
			shellScript = "mkdir -p \"$BUILT_PRODUCTS_DIR/$PRODUCT_NAME.app/Contents/Helpers\"\nswiftc -O -o \"$BUILT_PRODUCTS_DIR/$PRODUCT_NAME.app/Contents/Helpers/atelier-calendar-mcp\" \"$SRCROOT/Helpers/atelier-calendar-mcp.swift\" \"$SRCROOT/Packages/MCPHelperKit/Sources/MCPHelperKit/\"*.swift\n";
		};
		4CA1B0062F70000000000006 /* Compile Notes MCP Helper */ = {
			isa = PBXShellScriptBuildPhase;
			buildActionMask = 2147483647;
			files = (
			);
			inputPaths = (
				"$(SRCROOT)/Helpers/atelier-notes-mcp.swift",
				"$(SRCROOT)/Packages/MCPHelperKit/Sources/MCPHelperKit/AnyCodableValue.swift",
				"$(SRCROOT)/Packages/MCPHelperKit/Sources/MCPHelperKit/JSONRPCTypes.swift",
				"$(SRCROOT)/Packages/MCPHelperKit/Sources/MCPHelperKit/JXA.swift",
				"$(SRCROOT)/Packages/MCPHelperKit/Sources/MCPHelperKit/MCPServer.swift",
				"$(SRCROOT)/Packages/MCPHelperKit/Sources/MCPHelperKit/ToolDefinition.swift",
			);
			name = "Compile Notes MCP Helper";
			outputPaths = (
				"$(BUILT_PRODUCTS_DIR)/$(PRODUCT_NAME).app/Contents/Helpers/atelier-notes-mcp",
			);
			runOnlyForDeploymentPostprocessing = 0;
			shellPath = /bin/sh;
			shellScript = "mkdir -p \"$BUILT_PRODUCTS_DIR/$PRODUCT_NAME.app/Contents/Helpers\"\nswiftc -O -o \"$BUILT_PRODUCTS_DIR/$PRODUCT_NAME.app/Contents/Helpers/atelier-notes-mcp\" \"$SRCROOT/Helpers/atelier-notes-mcp.swift\" \"$SRCROOT/Packages/MCPHelperKit/Sources/MCPHelperKit/\"*.swift\n";
		};
		4CA1B0072F70000000000007 /* Compile Finder MCP Helper */ = {
			isa = PBXShellScriptBuildPhase;
			buildActionMask = 2147483647;
			files = (
			);
			inputPaths = (
				"$(SRCROOT)/Helpers/atelier-finder-mcp.swift",
				"$(SRCROOT)/Packages/MCPHelperKit/Sources/MCPHelperKit/AnyCodableValue.swift",
				"$(SRCROOT)/Packages/MCPHelperKit/Sources/MCPHelperKit/JSONRPCTypes.swift",
				"$(SRCROOT)/Packages/MCPHelperKit/Sources/MCPHelperKit/JXA.swift",
				"$(SRCROOT)/Packages/MCPHelperKit/Sources/MCPHelperKit/MCPServer.swift",
				"$(SRCROOT)/Packages/MCPHelperKit/Sources/MCPHelperKit/ToolDefinition.swift",
			);
			name = "Compile Finder MCP Helper";
			outputPaths = (
				"$(BUILT_PRODUCTS_DIR)/$(PRODUCT_NAME).app/Contents/Helpers/atelier-finder-mcp",
			);
			runOnlyForDeploymentPostprocessing = 0;
			shellPath = /bin/sh;
			shellScript = "mkdir -p \"$BUILT_PRODUCTS_DIR/$PRODUCT_NAME.app/Contents/Helpers\"\nswiftc -O -o \"$BUILT_PRODUCTS_DIR/$PRODUCT_NAME.app/Contents/Helpers/atelier-finder-mcp\" \"$SRCROOT/Helpers/atelier-finder-mcp.swift\" \"$SRCROOT/Packages/MCPHelperKit/Sources/MCPHelperKit/\"*.swift\n";
		};
		4CA1B0082F70000000000008 /* Compile Hooks Helper */ = {
			isa = PBXShellScriptBuildPhase;
			buildActionMask = 2147483647;
			files = (
			);
			inputPaths = (
				"$(SRCROOT)/Helpers/atelier-hooks.swift",
			);
			name = "Compile Hooks Helper";
			outputPaths = (
				"$(BUILT_PRODUCTS_DIR)/$(PRODUCT_NAME).app/Contents/Helpers/atelier-hooks",
			);
			runOnlyForDeploymentPostprocessing = 0;
			shellPath = /bin/sh;
			shellScript = "mkdir -p \"$BUILT_PRODUCTS_DIR/$PRODUCT_NAME.app/Contents/Helpers\"\nswiftc -O -o \"$BUILT_PRODUCTS_DIR/$PRODUCT_NAME.app/Contents/Helpers/atelier-hooks\" \"$SRCROOT/Helpers/atelier-hooks.swift\"\n";
		};
		4CA1B0092F70000000000009 /* Compile Scheduler Helper */ = {
			isa = PBXShellScriptBuildPhase;
			buildActionMask = 2147483647;
			files = (
			);
			inputPaths = (
				"$(SRCROOT)/Helpers/atelier-scheduler.swift",
			);
			name = "Compile Scheduler Helper";
			outputPaths = (
				"$(BUILT_PRODUCTS_DIR)/$(PRODUCT_NAME).app/Contents/Helpers/atelier-scheduler",
			);
			runOnlyForDeploymentPostprocessing = 0;
			shellPath = /bin/sh;
			shellScript = "mkdir -p \"$BUILT_PRODUCTS_DIR/$PRODUCT_NAME.app/Contents/Helpers\"\nswiftc -O -o \"$BUILT_PRODUCTS_DIR/$PRODUCT_NAME.app/Contents/Helpers/atelier-scheduler\" \"$SRCROOT/Helpers/atelier-scheduler.swift\"\n";
		};
/* End PBXShellScriptBuildPhase section */

/* Begin PBXSourcesBuildPhase section */
		4C0BEC942F52A19B00A608CC /* Sources */ = {
			isa = PBXSourcesBuildPhase;
			buildActionMask = 2147483647;
			files = (
			);
			runOnlyForDeploymentPostprocessing = 0;
		};
		4C0BECA12F52A19B00A608CC /* Sources */ = {
			isa = PBXSourcesBuildPhase;
			buildActionMask = 2147483647;
			files = (
			);
			runOnlyForDeploymentPostprocessing = 0;
		};
		4C0BECAB2F52A19B00A608CC /* Sources */ = {
			isa = PBXSourcesBuildPhase;
			buildActionMask = 2147483647;
			files = (
			);
			runOnlyForDeploymentPostprocessing = 0;
		};
		4C0BECE22F52B10000A608CC /* Sources */ = {
			isa = PBXSourcesBuildPhase;
			buildActionMask = 2147483647;
			files = (
			);
			runOnlyForDeploymentPostprocessing = 0;
		};
/* End PBXSourcesBuildPhase section */

/* Begin PBXTargetDependency section */
		4C0BECA72F52A19B00A608CC /* PBXTargetDependency */ = {
			isa = PBXTargetDependency;
			target = 4C0BEC972F52A19B00A608CC /* Atelier */;
			targetProxy = 4C0BECA62F52A19B00A608CC /* PBXContainerItemProxy */;
		};
		4C0BECB12F52A19B00A608CC /* PBXTargetDependency */ = {
			isa = PBXTargetDependency;
			target = 4C0BEC972F52A19B00A608CC /* Atelier */;
			targetProxy = 4C0BECB02F52A19B00A608CC /* PBXContainerItemProxy */;
		};
		4C0BECEC2F52B10000A608CC /* PBXTargetDependency */ = {
			isa = PBXTargetDependency;
			target = 4C0BECE02F52B10000A608CC /* AtelierSandboxService */;
			targetProxy = 4C0BECED2F52B10000A608CC /* PBXContainerItemProxy */;
		};
/* End PBXTargetDependency section */

/* Begin XCBuildConfiguration section */
		4C0BECB72F52A19B00A608CC /* Debug */ = {
			isa = XCBuildConfiguration;
			buildSettings = {
				ALWAYS_SEARCH_USER_PATHS = NO;
				ASSETCATALOG_COMPILER_GENERATE_SWIFT_ASSET_SYMBOL_EXTENSIONS = YES;
				CLANG_ANALYZER_NONNULL = YES;
				CLANG_ANALYZER_NUMBER_OBJECT_CONVERSION = YES_AGGRESSIVE;
				CLANG_CXX_LANGUAGE_STANDARD = "gnu++20";
				CLANG_ENABLE_MODULES = YES;
				CLANG_ENABLE_OBJC_ARC = YES;
				CLANG_ENABLE_OBJC_WEAK = YES;
				CLANG_WARN_BLOCK_CAPTURE_AUTORELEASING = YES;
				CLANG_WARN_BOOL_CONVERSION = YES;
				CLANG_WARN_COMMA = YES;
				CLANG_WARN_CONSTANT_CONVERSION = YES;
				CLANG_WARN_DEPRECATED_OBJC_IMPLEMENTATIONS = YES;
				CLANG_WARN_DIRECT_OBJC_ISA_USAGE = YES_ERROR;
				CLANG_WARN_DOCUMENTATION_COMMENTS = YES;
				CLANG_WARN_EMPTY_BODY = YES;
				CLANG_WARN_ENUM_CONVERSION = YES;
				CLANG_WARN_INFINITE_RECURSION = YES;
				CLANG_WARN_INT_CONVERSION = YES;
				CLANG_WARN_NON_LITERAL_NULL_CONVERSION = YES;
				CLANG_WARN_OBJC_IMPLICIT_RETAIN_SELF = YES;
				CLANG_WARN_OBJC_LITERAL_CONVERSION = YES;
				CLANG_WARN_OBJC_ROOT_CLASS = YES_ERROR;
				CLANG_WARN_QUOTED_INCLUDE_IN_FRAMEWORK_HEADER = YES;
				CLANG_WARN_RANGE_LOOP_ANALYSIS = YES;
				CLANG_WARN_STRICT_PROTOTYPES = YES;
				CLANG_WARN_SUSPICIOUS_MOVE = YES;
				CLANG_WARN_UNGUARDED_AVAILABILITY = YES_AGGRESSIVE;
				CLANG_WARN_UNREACHABLE_CODE = YES;
				CLANG_WARN__DUPLICATE_METHOD_MATCH = YES;
				COPY_PHASE_STRIP = NO;
				DEBUG_INFORMATION_FORMAT = dwarf;
				DEVELOPMENT_TEAM = R64MTWS872;
				ENABLE_STRICT_OBJC_MSGSEND = YES;
				ENABLE_TESTABILITY = YES;
				ENABLE_USER_SCRIPT_SANDBOXING = YES;
				GCC_C_LANGUAGE_STANDARD = gnu17;
				GCC_DYNAMIC_NO_PIC = NO;
				GCC_NO_COMMON_BLOCKS = YES;
				GCC_OPTIMIZATION_LEVEL = 0;
				GCC_PREPROCESSOR_DEFINITIONS = (
					"DEBUG=1",
					"$(inherited)",
				);
				GCC_WARN_64_TO_32_BIT_CONVERSION = YES;
				GCC_WARN_ABOUT_RETURN_TYPE = YES_ERROR;
				GCC_WARN_UNDECLARED_SELECTOR = YES;
				GCC_WARN_UNINITIALIZED_AUTOS = YES_AGGRESSIVE;
				GCC_WARN_UNUSED_FUNCTION = YES;
				GCC_WARN_UNUSED_VARIABLE = YES;
				LOCALIZATION_PREFERS_STRING_CATALOGS = YES;
				MACOSX_DEPLOYMENT_TARGET = 26.2;
				MTL_ENABLE_DEBUG_INFO = INCLUDE_SOURCE;
				MTL_FAST_MATH = YES;
				ONLY_ACTIVE_ARCH = YES;
				SDKROOT = macosx;
				SWIFT_ACTIVE_COMPILATION_CONDITIONS = "DEBUG $(inherited)";
				SWIFT_OPTIMIZATION_LEVEL = "-Onone";
			};
			name = Debug;
		};
		4C0BECB82F52A19B00A608CC /* Release */ = {
			isa = XCBuildConfiguration;
			buildSettings = {
				ALWAYS_SEARCH_USER_PATHS = NO;
				ASSETCATALOG_COMPILER_GENERATE_SWIFT_ASSET_SYMBOL_EXTENSIONS = YES;
				CLANG_ANALYZER_NONNULL = YES;
				CLANG_ANALYZER_NUMBER_OBJECT_CONVERSION = YES_AGGRESSIVE;
				CLANG_CXX_LANGUAGE_STANDARD = "gnu++20";
				CLANG_ENABLE_MODULES = YES;
				CLANG_ENABLE_OBJC_ARC = YES;
				CLANG_ENABLE_OBJC_WEAK = YES;
				CLANG_WARN_BLOCK_CAPTURE_AUTORELEASING = YES;
				CLANG_WARN_BOOL_CONVERSION = YES;
				CLANG_WARN_COMMA = YES;
				CLANG_WARN_CONSTANT_CONVERSION = YES;
				CLANG_WARN_DEPRECATED_OBJC_IMPLEMENTATIONS = YES;
				CLANG_WARN_DIRECT_OBJC_ISA_USAGE = YES_ERROR;
				CLANG_WARN_DOCUMENTATION_COMMENTS = YES;
				CLANG_WARN_EMPTY_BODY = YES;
				CLANG_WARN_ENUM_CONVERSION = YES;
				CLANG_WARN_INFINITE_RECURSION = YES;
				CLANG_WARN_INT_CONVERSION = YES;
				CLANG_WARN_NON_LITERAL_NULL_CONVERSION = YES;
				CLANG_WARN_OBJC_IMPLICIT_RETAIN_SELF = YES;
				CLANG_WARN_OBJC_LITERAL_CONVERSION = YES;
				CLANG_WARN_OBJC_ROOT_CLASS = YES_ERROR;
				CLANG_WARN_QUOTED_INCLUDE_IN_FRAMEWORK_HEADER = YES;
				CLANG_WARN_RANGE_LOOP_ANALYSIS = YES;
				CLANG_WARN_STRICT_PROTOTYPES = YES;
				CLANG_WARN_SUSPICIOUS_MOVE = YES;
				CLANG_WARN_UNGUARDED_AVAILABILITY = YES_AGGRESSIVE;
				CLANG_WARN_UNREACHABLE_CODE = YES;
				CLANG_WARN__DUPLICATE_METHOD_MATCH = YES;
				COPY_PHASE_STRIP = NO;
				DEBUG_INFORMATION_FORMAT = "dwarf-with-dsym";
				DEVELOPMENT_TEAM = R64MTWS872;
				ENABLE_NS_ASSERTIONS = NO;
				ENABLE_STRICT_OBJC_MSGSEND = YES;
				ENABLE_USER_SCRIPT_SANDBOXING = YES;
				GCC_C_LANGUAGE_STANDARD = gnu17;
				GCC_NO_COMMON_BLOCKS = YES;
				GCC_WARN_64_TO_32_BIT_CONVERSION = YES;
				GCC_WARN_ABOUT_RETURN_TYPE = YES_ERROR;
				GCC_WARN_UNDECLARED_SELECTOR = YES;
				GCC_WARN_UNINITIALIZED_AUTOS = YES_AGGRESSIVE;
				GCC_WARN_UNUSED_FUNCTION = YES;
				GCC_WARN_UNUSED_VARIABLE = YES;
				LOCALIZATION_PREFERS_STRING_CATALOGS = YES;
				MACOSX_DEPLOYMENT_TARGET = 26.2;
				MTL_ENABLE_DEBUG_INFO = NO;
				MTL_FAST_MATH = YES;
				SDKROOT = macosx;
				SWIFT_COMPILATION_MODE = wholemodule;
			};
			name = Release;
		};
		4C0BECBA2F52A19B00A608CC /* Debug */ = {
			isa = XCBuildConfiguration;
			buildSettings = {
				ASSETCATALOG_COMPILER_APPICON_NAME = AppIcon;
				ASSETCATALOG_COMPILER_GLOBAL_ACCENT_COLOR_NAME = AccentColor;
				CODE_SIGN_STYLE = Automatic;
				COMBINE_HIDPI_IMAGES = YES;
				CURRENT_PROJECT_VERSION = 1;
				DEVELOPMENT_TEAM = R64MTWS872;
				ENABLE_APP_SANDBOX = NO;
				ENABLE_HARDENED_RUNTIME = YES;
				ENABLE_PREVIEWS = YES;
				GENERATE_INFOPLIST_FILE = YES;
				INFOPLIST_KEY_NSAppleEventsUsageDescription = "Atelier uses Apple Events to work with apps like Keynote, Pages, Numbers, Mail, Calendar, Reminders, Notes, and Finder on your behalf.";
				INFOPLIST_KEY_NSHumanReadableCopyright = "";
				LD_RUNPATH_SEARCH_PATHS = (
					"$(inherited)",
					"@executable_path/../Frameworks",
				);
				MARKETING_VERSION = 1.0;
				PRODUCT_BUNDLE_IDENTIFIER = com.raulriera.Atelier;
				PRODUCT_NAME = "$(TARGET_NAME)";
				REGISTER_APP_GROUPS = YES;
				STRING_CATALOG_GENERATE_SYMBOLS = YES;
				SWIFT_APPROACHABLE_CONCURRENCY = YES;
				SWIFT_DEFAULT_ACTOR_ISOLATION = MainActor;
				SWIFT_EMIT_LOC_STRINGS = YES;
				SWIFT_UPCOMING_FEATURE_MEMBER_IMPORT_VISIBILITY = YES;
				SWIFT_VERSION = 5.0;
			};
			name = Debug;
		};
		4C0BECBB2F52A19B00A608CC /* Release */ = {
			isa = XCBuildConfiguration;
			buildSettings = {
				ASSETCATALOG_COMPILER_APPICON_NAME = AppIcon;
				ASSETCATALOG_COMPILER_GLOBAL_ACCENT_COLOR_NAME = AccentColor;
				CODE_SIGN_STYLE = Automatic;
				COMBINE_HIDPI_IMAGES = YES;
				CURRENT_PROJECT_VERSION = 1;
				DEVELOPMENT_TEAM = R64MTWS872;
				ENABLE_APP_SANDBOX = NO;
				ENABLE_HARDENED_RUNTIME = YES;
				ENABLE_PREVIEWS = YES;
				GENERATE_INFOPLIST_FILE = YES;
				INFOPLIST_KEY_NSAppleEventsUsageDescription = "Atelier uses Apple Events to work with apps like Keynote, Pages, Numbers, Mail, Calendar, Reminders, Notes, and Finder on your behalf.";
				INFOPLIST_KEY_NSHumanReadableCopyright = "";
				LD_RUNPATH_SEARCH_PATHS = (
					"$(inherited)",
					"@executable_path/../Frameworks",
				);
				MARKETING_VERSION = 1.0;
				PRODUCT_BUNDLE_IDENTIFIER = com.raulriera.Atelier;
				PRODUCT_NAME = "$(TARGET_NAME)";
				REGISTER_APP_GROUPS = YES;
				STRING_CATALOG_GENERATE_SYMBOLS = YES;
				SWIFT_APPROACHABLE_CONCURRENCY = YES;
				SWIFT_DEFAULT_ACTOR_ISOLATION = MainActor;
				SWIFT_EMIT_LOC_STRINGS = YES;
				SWIFT_UPCOMING_FEATURE_MEMBER_IMPORT_VISIBILITY = YES;
				SWIFT_VERSION = 5.0;
			};
			name = Release;
		};
		4C0BECBD2F52A19B00A608CC /* Debug */ = {
			isa = XCBuildConfiguration;
			buildSettings = {
				BUNDLE_LOADER = "$(TEST_HOST)";
				CODE_SIGN_STYLE = Automatic;
				CURRENT_PROJECT_VERSION = 1;
				DEVELOPMENT_TEAM = R64MTWS872;
				GENERATE_INFOPLIST_FILE = YES;
				MACOSX_DEPLOYMENT_TARGET = 26.2;
				MARKETING_VERSION = 1.0;
				PRODUCT_BUNDLE_IDENTIFIER = com.raulriera.AtelierTests;
				PRODUCT_NAME = "$(TARGET_NAME)";
				STRING_CATALOG_GENERATE_SYMBOLS = NO;
				SWIFT_APPROACHABLE_CONCURRENCY = YES;
				SWIFT_EMIT_LOC_STRINGS = NO;
				SWIFT_UPCOMING_FEATURE_MEMBER_IMPORT_VISIBILITY = YES;
				SWIFT_VERSION = 5.0;
				TEST_HOST = "$(BUILT_PRODUCTS_DIR)/Atelier.app/$(BUNDLE_EXECUTABLE_FOLDER_PATH)/Atelier";
			};
			name = Debug;
		};
		4C0BECBE2F52A19B00A608CC /* Release */ = {
			isa = XCBuildConfiguration;
			buildSettings = {
				BUNDLE_LOADER = "$(TEST_HOST)";
				CODE_SIGN_STYLE = Automatic;
				CURRENT_PROJECT_VERSION = 1;
				DEVELOPMENT_TEAM = R64MTWS872;
				GENERATE_INFOPLIST_FILE = YES;
				MACOSX_DEPLOYMENT_TARGET = 26.2;
				MARKETING_VERSION = 1.0;
				PRODUCT_BUNDLE_IDENTIFIER = com.raulriera.AtelierTests;
				PRODUCT_NAME = "$(TARGET_NAME)";
				STRING_CATALOG_GENERATE_SYMBOLS = NO;
				SWIFT_APPROACHABLE_CONCURRENCY = YES;
				SWIFT_EMIT_LOC_STRINGS = NO;
				SWIFT_UPCOMING_FEATURE_MEMBER_IMPORT_VISIBILITY = YES;
				SWIFT_VERSION = 5.0;
				TEST_HOST = "$(BUILT_PRODUCTS_DIR)/Atelier.app/$(BUNDLE_EXECUTABLE_FOLDER_PATH)/Atelier";
			};
			name = Release;
		};
		4C0BECC02F52A19B00A608CC /* Debug */ = {
			isa = XCBuildConfiguration;
			buildSettings = {
				CODE_SIGN_STYLE = Automatic;
				CURRENT_PROJECT_VERSION = 1;
				DEVELOPMENT_TEAM = R64MTWS872;
				GENERATE_INFOPLIST_FILE = YES;
				MARKETING_VERSION = 1.0;
				PRODUCT_BUNDLE_IDENTIFIER = com.raulriera.AtelierUITests;
				PRODUCT_NAME = "$(TARGET_NAME)";
				STRING_CATALOG_GENERATE_SYMBOLS = NO;
				SWIFT_APPROACHABLE_CONCURRENCY = YES;
				SWIFT_EMIT_LOC_STRINGS = NO;
				SWIFT_UPCOMING_FEATURE_MEMBER_IMPORT_VISIBILITY = YES;
				SWIFT_VERSION = 5.0;
				TEST_TARGET_NAME = Atelier;
			};
			name = Debug;
		};
		4C0BECC12F52A19B00A608CC /* Release */ = {
			isa = XCBuildConfiguration;
			buildSettings = {
				CODE_SIGN_STYLE = Automatic;
				CURRENT_PROJECT_VERSION = 1;
				DEVELOPMENT_TEAM = R64MTWS872;
				GENERATE_INFOPLIST_FILE = YES;
				MARKETING_VERSION = 1.0;
				PRODUCT_BUNDLE_IDENTIFIER = com.raulriera.AtelierUITests;
				PRODUCT_NAME = "$(TARGET_NAME)";
				STRING_CATALOG_GENERATE_SYMBOLS = NO;
				SWIFT_APPROACHABLE_CONCURRENCY = YES;
				SWIFT_EMIT_LOC_STRINGS = NO;
				SWIFT_UPCOMING_FEATURE_MEMBER_IMPORT_VISIBILITY = YES;
				SWIFT_VERSION = 5.0;
				TEST_TARGET_NAME = Atelier;
			};
			name = Release;
		};
		4C0BECE72F52B10000A608CC /* Debug */ = {
			isa = XCBuildConfiguration;
			buildSettings = {
				CODE_SIGN_ENTITLEMENTS = AtelierSandboxService/AtelierSandboxService.entitlements;
				CODE_SIGN_STYLE = Automatic;
				COMBINE_HIDPI_IMAGES = YES;
				CURRENT_PROJECT_VERSION = 1;
				DEVELOPMENT_TEAM = R64MTWS872;
				ENABLE_APP_SANDBOX = YES;
				GENERATE_INFOPLIST_FILE = YES;
				MARKETING_VERSION = 1.0;
				PRODUCT_BUNDLE_IDENTIFIER = com.raulriera.Atelier.SandboxService;
				PRODUCT_NAME = "$(TARGET_NAME)";
				SWIFT_APPROACHABLE_CONCURRENCY = YES;
				SWIFT_DEFAULT_ACTOR_ISOLATION = MainActor;
				SWIFT_EMIT_LOC_STRINGS = YES;
				SWIFT_UPCOMING_FEATURE_MEMBER_IMPORT_VISIBILITY = YES;
				SWIFT_VERSION = 5.0;
			};
			name = Debug;
		};
		4C0BECE82F52B10000A608CC /* Release */ = {
			isa = XCBuildConfiguration;
			buildSettings = {
				CODE_SIGN_ENTITLEMENTS = AtelierSandboxService/AtelierSandboxService.entitlements;
				CODE_SIGN_STYLE = Automatic;
				COMBINE_HIDPI_IMAGES = YES;
				CURRENT_PROJECT_VERSION = 1;
				DEVELOPMENT_TEAM = R64MTWS872;
				ENABLE_APP_SANDBOX = YES;
				GENERATE_INFOPLIST_FILE = YES;
				MARKETING_VERSION = 1.0;
				PRODUCT_BUNDLE_IDENTIFIER = com.raulriera.Atelier.SandboxService;
				PRODUCT_NAME = "$(TARGET_NAME)";
				SWIFT_APPROACHABLE_CONCURRENCY = YES;
				SWIFT_DEFAULT_ACTOR_ISOLATION = MainActor;
				SWIFT_EMIT_LOC_STRINGS = YES;
				SWIFT_UPCOMING_FEATURE_MEMBER_IMPORT_VISIBILITY = YES;
				SWIFT_VERSION = 5.0;
			};
			name = Release;
		};
/* End XCBuildConfiguration section */

/* Begin XCConfigurationList section */
		4C0BEC932F52A19B00A608CC /* Build configuration list for PBXProject "Atelier" */ = {
			isa = XCConfigurationList;
			buildConfigurations = (
				4C0BECB72F52A19B00A608CC /* Debug */,
				4C0BECB82F52A19B00A608CC /* Release */,
			);
			defaultConfigurationIsVisible = 0;
			defaultConfigurationName = Release;
		};
		4C0BECB92F52A19B00A608CC /* Build configuration list for PBXNativeTarget "Atelier" */ = {
			isa = XCConfigurationList;
			buildConfigurations = (
				4C0BECBA2F52A19B00A608CC /* Debug */,
				4C0BECBB2F52A19B00A608CC /* Release */,
			);
			defaultConfigurationIsVisible = 0;
			defaultConfigurationName = Release;
		};
		4C0BECBC2F52A19B00A608CC /* Build configuration list for PBXNativeTarget "AtelierTests" */ = {
			isa = XCConfigurationList;
			buildConfigurations = (
				4C0BECBD2F52A19B00A608CC /* Debug */,
				4C0BECBE2F52A19B00A608CC /* Release */,
			);
			defaultConfigurationIsVisible = 0;
			defaultConfigurationName = Release;
		};
		4C0BECBF2F52A19B00A608CC /* Build configuration list for PBXNativeTarget "AtelierUITests" */ = {
			isa = XCConfigurationList;
			buildConfigurations = (
				4C0BECC02F52A19B00A608CC /* Debug */,
				4C0BECC12F52A19B00A608CC /* Release */,
			);
			defaultConfigurationIsVisible = 0;
			defaultConfigurationName = Release;
		};
		4C0BECE92F52B10000A608CC /* Build configuration list for PBXNativeTarget "AtelierSandboxService" */ = {
			isa = XCConfigurationList;
			buildConfigurations = (
				4C0BECE72F52B10000A608CC /* Debug */,
				4C0BECE82F52B10000A608CC /* Release */,
			);
			defaultConfigurationIsVisible = 0;
			defaultConfigurationName = Release;
		};
/* End XCConfigurationList section */

/* Begin XCLocalSwiftPackageReference section */
		4C0BECD32F52A4B600A608CC /* XCLocalSwiftPackageReference "Packages/AtelierDesign" */ = {
			isa = XCLocalSwiftPackageReference;
			relativePath = Packages/AtelierDesign;
		};
		4C0BECD62F52A4C100A608CC /* XCLocalSwiftPackageReference "Packages/AtelierKit" */ = {
			isa = XCLocalSwiftPackageReference;
			relativePath = Packages/AtelierKit;
		};
		4C0BECD92F52B00100A608CC /* XCLocalSwiftPackageReference "Packages/AtelierSecurity" */ = {
			isa = XCLocalSwiftPackageReference;
			relativePath = Packages/AtelierSecurity;
		};
		4C0BECDC2F52B00200A608CC /* XCLocalSwiftPackageReference "Packages/AtelierSandbox" */ = {
			isa = XCLocalSwiftPackageReference;
			relativePath = Packages/AtelierSandbox;
		};
/* End XCLocalSwiftPackageReference section */

/* Begin XCRemoteSwiftPackageReference section */
		4CA1B1022F80000000000001 /* XCRemoteSwiftPackageReference "Sparkle" */ = {
			isa = XCRemoteSwiftPackageReference;
			repositoryURL = "https://github.com/sparkle-project/Sparkle";
			requirement = {
				kind = upToNextMajorVersion;
				minimumVersion = 2.6.0;
			};
		};
/* End XCRemoteSwiftPackageReference section */

/* Begin XCSwiftPackageProductDependency section */
		4C0BECCF2F52A29000A608CC /* AtelierDesign */ = {
			isa = XCSwiftPackageProductDependency;
			productName = AtelierDesign;
		};
		4C0BECD12F52A29000A608CC /* AtelierKit */ = {
			isa = XCSwiftPackageProductDependency;
			productName = AtelierKit;
		};
		4C0BECD42F52A4B600A608CC /* AtelierDesign */ = {
			isa = XCSwiftPackageProductDependency;
			productName = AtelierDesign;
		};
		4C0BECD72F52A4C200A608CC /* AtelierKit */ = {
			isa = XCSwiftPackageProductDependency;
			productName = AtelierKit;
		};
		4C0BECDA2F52B00100A608CC /* AtelierSecurity */ = {
			isa = XCSwiftPackageProductDependency;
			productName = AtelierSecurity;
		};
		4C0BECDD2F52B00200A608CC /* AtelierSandbox */ = {
			isa = XCSwiftPackageProductDependency;
			productName = AtelierSandbox;
		};
		4C0BECE62F52B10000A608CC /* AtelierSandbox */ = {
			isa = XCSwiftPackageProductDependency;
			productName = AtelierSandbox;
		};
		4CA1B1012F80000000000001 /* Sparkle */ = {
			isa = XCSwiftPackageProductDependency;
			package = 4CA1B1022F80000000000001 /* XCRemoteSwiftPackageReference "Sparkle" */;
			productName = Sparkle;
		};
/* End XCSwiftPackageProductDependency section */
	};
	rootObject = 4C0BEC902F52A19B00A608CC /* Project object */;
}
